
Microsoft Visual Studio Solution File, Format Version 12.00
# Visual Studio Express 2012 for Windows Desktop
Project("{F184B08F-C81C-45F6-A57F-5ABD9991F28F}") = "quiz2", "quiz2\quiz2.vbproj", "{6567D3FF-B32C-4AAE-91EE-832A275B1EDB}"
EndProject
Global
	GlobalSection(SolutionConfigurationPlatforms) = preSolution
		Debug|Any CPU = Debug|Any CPU
		Release|Any CPU = Release|Any CPU
	EndGlobalSection
	GlobalSection(ProjectConfigurationPlatforms) = postSolution
		{6567D3FF-B32C-4AAE-91EE-832A275B1EDB}.Debug|Any CPU.ActiveCfg = Debug|Any CPU
		{6567D3FF-B32C-4AAE-91EE-832A275B1EDB}.Debug|Any CPU.Build.0 = Debug|Any CPU
		{6567D3FF-B32C-4AAE-91EE-832A275B1EDB}.Release|Any CPU.ActiveCfg = Release|Any CPU
		{6567D3FF-B32C-4AAE-91EE-832A275B1EDB}.Release|Any CPU.Build.0 = Release|Any CPU
	EndGlobalSection
	GlobalSection(SolutionProperties) = preSolution
		HideSolutionNode = FALSE
	EndGlobalSection
EndGlobal
